
Microsoft Visual Studio Solution File, Format Version 12.00
# Visual Studio Version 16
VisualStudioVersion = 16.0.29324.140
MinimumVisualStudioVersion = 10.0.40219.1
Project("{FAE04EC0-301F-12D3-BF4B-00C04F79EFBC}") = "Decisions.GoogleCloud", "Decisions.GoogleCloud\Decisions.GoogleCloud.csproj", "{5FDA76A4-60EB-4A4E-8773-D67B8BA401E8}"
EndProject
Global
	GlobalSection(SolutionConfigurationPlatforms) = preSolution
		Debug|Any CPU = Debug|Any CPU
		Release|Any CPU = Release|Any CPU
	EndGlobalSection
	GlobalSection(ProjectConfigurationPlatforms) = postSolution
		{5FDA23A4-60EB-4A4E-8773-D67B8BA401E8}.Debug|Any CPU.ActiveCfg = Debug|Any CPU
		{5FDA23A4-60EB-4A4E-8773-D67B8BA401E8}.Debug|Any CPU.Build.0 = Debug|Any CPU
		{5FDA23A4-60EB-4A4E-8773-D67B8BA401E8}.Release|Any CPU.ActiveCfg = Release|Any CPU
		{5FDA23A4-60EB-4A4E-8773-D67B8BA401E8}.Release|Any CPU.Build.0 = Release|Any CPU
	EndGlobalSection
	GlobalSection(SolutionProperties) = preSolution
		HideSolutionNode = FALSE
	EndGlobalSection
	GlobalSection(ExtensibilityGlobals) = postSolution
		SolutionGuid = {F5582F55-68F8-4E4B-9644-49B0411FF8AB}
	EndGlobalSection
EndGlobal
